<?xml version="1.0" encoding="utf-8"?>
<Project ToolsVersion="4.0" xmlns="http://schemas.microsoft.com/developer/msbuild/2003">
  <ItemGroup>
    <ClCompile Include="..\GuitarD.cpp" />
    <ClCompile Include="..\..\..\IGraphics\IControl.cpp">
      <Filter>IGraphics</Filter>
    </ClCompile>
    <ClCompile Include="..\..\..\IGraphics\IGraphics.cpp">
      <Filter>IGraphics</Filter>
    </ClCompile>
    <ClCompile Include="..\..\..\IGraphics\IGraphicsEditorDelegate.cpp">
      <Filter>IGraphics</Filter>
    </ClCompile>
    <ClCompile Include="..\..\..\IGraphics\Drawing\IGraphicsAGG.cpp">
      <Filter>IGraphics\Drawing</Filter>
    </ClCompile>
    <ClCompile Include="..\..\..\IGraphics\Drawing\IGraphicsAGG_src.cpp">
      <Filter>IGraphics\Drawing</Filter>
    </ClCompile>
    <ClCompile Include="..\..\..\IGraphics\Drawing\IGraphicsCairo.cpp">
      <Filter>IGraphics\Drawing</Filter>
    </ClCompile>
    <ClCompile Include="..\..\..\IGraphics\Drawing\IGraphicsLice.cpp">
      <Filter>IGraphics\Drawing</Filter>
    </ClCompile>
    <ClCompile Include="..\..\..\IGraphics\Drawing\IGraphicsLice_src.cpp">
      <Filter>IGraphics\Drawing</Filter>
    </ClCompile>
    <ClCompile Include="..\..\..\IGraphics\Drawing\IGraphicsNanoVG.cpp">
      <Filter>IGraphics\Drawing</Filter>
    </ClCompile>
    <ClCompile Include="..\..\..\IGraphics\Platforms\IGraphicsWin.cpp">
      <Filter>IGraphics\Platform</Filter>
    </ClCompile>
    <ClCompile Include="..\..\..\IPlug\IPlugAPIBase.cpp">
      <Filter>IPlug</Filter>
    </ClCompile>
    <ClCompile Include="..\..\..\IPlug\IPlugParameter.cpp">
      <Filter>IPlug</Filter>
    </ClCompile>
    <ClCompile Include="..\..\..\IPlug\IPlugPluginBase.cpp">
      <Filter>IPlug</Filter>
    </ClCompile>
    <ClCompile Include="..\..\..\IPlug\IPlugProcessor.cpp">
      <Filter>IPlug</Filter>
    </ClCompile>
    <ClCompile Include="..\..\..\IPlug\IPlugTimer.cpp">
      <Filter>IPlug</Filter>
    </ClCompile>
    <ClCompile Include="..\..\..\IPlug\APP\IPlugAPP.cpp">
      <Filter>IPlug\APP</Filter>
    </ClCompile>
    <ClCompile Include="..\..\..\IPlug\APP\IPlugAPP_dialog.cpp">
      <Filter>IPlug\APP</Filter>
    </ClCompile>
    <ClCompile Include="..\..\..\IPlug\APP\IPlugAPP_host.cpp">
      <Filter>IPlug\APP</Filter>
    </ClCompile>
    <ClCompile Include="..\..\..\IPlug\APP\IPlugAPP_main.cpp">
      <Filter>IPlug\APP</Filter>
    </ClCompile>
    <ClCompile Include="..\..\..\Dependencies\IPlug\RTAudio\RtAudio.cpp">
      <Filter>IPlug\APP\RTAudioMidi</Filter>
    </ClCompile>
    <ClCompile Include="..\..\..\Dependencies\IPlug\RTMidi\RtMidi.cpp">
      <Filter>IPlug\APP\RTAudioMidi</Filter>
    </ClCompile>
    <ClCompile Include="..\..\..\Dependencies\IPlug\RTAudio\include\asio.cpp">
      <Filter>IPlug\APP\RTAudioMidi\include</Filter>
    </ClCompile>
    <ClCompile Include="..\..\..\Dependencies\IPlug\RTAudio\include\asiodrivers.cpp">
      <Filter>IPlug\APP\RTAudioMidi\include</Filter>
    </ClCompile>
    <ClCompile Include="..\..\..\Dependencies\IPlug\RTAudio\include\asiolist.cpp">
      <Filter>IPlug\APP\RTAudioMidi\include</Filter>
    </ClCompile>
    <ClCompile Include="..\..\..\Dependencies\IPlug\RTAudio\include\iasiothiscallresolver.cpp">
      <Filter>IPlug\APP\RTAudioMidi\include</Filter>
    </ClCompile>
    <ClCompile Include="..\..\..\IGraphics\Controls\IControls.cpp">
      <Filter>IGraphics\Controls</Filter>
    </ClCompile>
    <ClCompile Include="..\..\..\IGraphics\Controls\IPopupMenuControl.cpp">
      <Filter>IGraphics\Controls</Filter>
    </ClCompile>
    <ClCompile Include="..\..\..\IGraphics\Controls\ITextEntryControl.cpp">
      <Filter>IGraphics\Controls</Filter>
    </ClCompile>
    <ClCompile Include="..\..\..\IPlug\IPlugPaths.cpp">
      <Filter>IPlug</Filter>
    </ClCompile>
    <ClCompile Include="..\..\..\IGraphics\Drawing\IGraphicsSkia.cpp">
      <Filter>IGraphics\Drawing</Filter>
    </ClCompile>
    <ClCompile Include="..\thirdparty\fftconvolver\AudioFFT.cpp">
      <Filter>thirdparty\convolver</Filter>
    </ClCompile>
    <ClCompile Include="..\thirdparty\fftconvolver\FFTConvolver.cpp">
      <Filter>thirdparty\convolver</Filter>
    </ClCompile>
    <ClCompile Include="..\thirdparty\fftconvolver\TwoStageFFTConvolver.cpp">
      <Filter>thirdparty\convolver</Filter>
    </ClCompile>
    <ClCompile Include="..\thirdparty\fftconvolver\Utilities.cpp">
      <Filter>thirdparty\convolver</Filter>
    </ClCompile>
    <ClCompile Include="..\..\..\WDL\resample.cpp">
      <Filter>WDL</Filter>
    </ClCompile>
    <ClCompile Include="..\..\..\WDL\filebrowse.cpp">
      <Filter>WDL</Filter>
    </ClCompile>
    <ClCompile Include="..\..\..\WDL\win32_utf8.c">
      <Filter>WDL</Filter>
    </ClCompile>
  </ItemGroup>
  <ItemGroup>
    <ClInclude Include="..\GuitarD.h" />
    <ClInclude Include="..\resources\resource.h">
      <Filter>resources</Filter>
    </ClInclude>
    <ClInclude Include="..\..\..\IGraphics\IControl.h">
      <Filter>IGraphics</Filter>
    </ClInclude>
    <ClInclude Include="..\..\..\IGraphics\IGraphics.h">
      <Filter>IGraphics</Filter>
    </ClInclude>
    <ClInclude Include="..\..\..\IGraphics\IGraphicsConstants.h">
      <Filter>IGraphics</Filter>
    </ClInclude>
    <ClInclude Include="..\..\..\IGraphics\IGraphicsEditorDelegate.h">
      <Filter>IGraphics</Filter>
    </ClInclude>
    <ClInclude Include="..\..\..\IGraphics\IGraphicsLiveEdit.h">
      <Filter>IGraphics</Filter>
    </ClInclude>
    <ClInclude Include="..\..\..\IGraphics\IGraphicsPathBase.h">
      <Filter>IGraphics</Filter>
    </ClInclude>
    <ClInclude Include="..\..\..\IGraphics\IGraphicsPopupMenu.h">
      <Filter>IGraphics</Filter>
    </ClInclude>
    <ClInclude Include="..\..\..\IGraphics\IGraphicsStructs.h">
      <Filter>IGraphics</Filter>
    </ClInclude>
    <ClInclude Include="..\..\..\IGraphics\IGraphicsPrivate.h">
      <Filter>IGraphics</Filter>
    </ClInclude>
    <ClInclude Include="..\..\..\IGraphics\IGraphicsUtilities.h">
      <Filter>IGraphics</Filter>
    </ClInclude>
    <ClInclude Include="..\..\..\IGraphics\IGraphics_include_in_plug_hdr.h">
      <Filter>IGraphics</Filter>
    </ClInclude>
    <ClInclude Include="..\..\..\IGraphics\IGraphics_include_in_plug_src.h">
      <Filter>IGraphics</Filter>
    </ClInclude>
    <ClInclude Include="..\..\..\IGraphics\IGraphics_select.h">
      <Filter>IGraphics</Filter>
    </ClInclude>
    <ClInclude Include="..\..\..\IGraphics\Drawing\IGraphicsAGG.h">
      <Filter>IGraphics\Drawing</Filter>
    </ClInclude>
    <ClInclude Include="..\..\..\IGraphics\Drawing\IGraphicsAGG_src.h">
      <Filter>IGraphics\Drawing</Filter>
    </ClInclude>
    <ClInclude Include="..\..\..\IGraphics\Drawing\IGraphicsCairo.h">
      <Filter>IGraphics\Drawing</Filter>
    </ClInclude>
    <ClInclude Include="..\..\..\IGraphics\Drawing\IGraphicsLice.h">
      <Filter>IGraphics\Drawing</Filter>
    </ClInclude>
    <ClInclude Include="..\..\..\IGraphics\Drawing\IGraphicsLice_src.h">
      <Filter>IGraphics\Drawing</Filter>
    </ClInclude>
    <ClInclude Include="..\..\..\IGraphics\Drawing\IGraphicsNanoVG.h">
      <Filter>IGraphics\Drawing</Filter>
    </ClInclude>
    <ClInclude Include="..\..\..\IGraphics\Platforms\IGraphicsLinux.h">
      <Filter>IGraphics\Platform</Filter>
    </ClInclude>
    <ClInclude Include="..\..\..\IGraphics\Platforms\IGraphicsMac.h">
      <Filter>IGraphics\Platform</Filter>
    </ClInclude>
    <ClInclude Include="..\..\..\IGraphics\Platforms\IGraphicsMac_view.h">
      <Filter>IGraphics\Platform</Filter>
    </ClInclude>
    <ClInclude Include="..\..\..\IGraphics\Platforms\IGraphicsWeb.h">
      <Filter>IGraphics\Platform</Filter>
    </ClInclude>
    <ClInclude Include="..\..\..\IGraphics\Platforms\IGraphicsWin.h">
      <Filter>IGraphics\Platform</Filter>
    </ClInclude>
    <ClInclude Include="..\..\..\IPlug\IPlugAPIBase.h">
      <Filter>IPlug</Filter>
    </ClInclude>
    <ClInclude Include="..\..\..\IPlug\IPlugConstants.h">
      <Filter>IPlug</Filter>
    </ClInclude>
    <ClInclude Include="..\..\..\IPlug\IPlugEditorDelegate.h">
      <Filter>IPlug</Filter>
    </ClInclude>
    <ClInclude Include="..\..\..\IPlug\IPlugLogger.h">
      <Filter>IPlug</Filter>
    </ClInclude>
    <ClInclude Include="..\..\..\IPlug\IPlugMidi.h">
      <Filter>IPlug</Filter>
    </ClInclude>
    <ClInclude Include="..\..\..\IPlug\IPlugPlatform.h">
      <Filter>IPlug</Filter>
    </ClInclude>
    <ClInclude Include="..\..\..\IPlug\IPlugParameter.h">
      <Filter>IPlug</Filter>
    </ClInclude>
    <ClInclude Include="..\..\..\IPlug\IPlugProcessor.h">
      <Filter>IPlug</Filter>
    </ClInclude>
    <ClInclude Include="..\..\..\IPlug\IPlugStructs.h">
      <Filter>IPlug</Filter>
    </ClInclude>
    <ClInclude Include="..\..\..\IPlug\IPlugTimer.h">
      <Filter>IPlug</Filter>
    </ClInclude>
    <ClInclude Include="..\..\..\IPlug\IPlugUtilities.h">
      <Filter>IPlug</Filter>
    </ClInclude>
    <ClInclude Include="..\..\..\IPlug\IPlug_include_in_plug_hdr.h">
      <Filter>IPlug</Filter>
    </ClInclude>
    <ClInclude Include="..\..\..\IPlug\IPlug_include_in_plug_src.h">
      <Filter>IPlug</Filter>
    </ClInclude>
    <ClInclude Include="../config.h" />
    <ClInclude Include="..\..\..\IPlug\APP\IPlugAPP.h">
      <Filter>IPlug\APP</Filter>
    </ClInclude>
    <ClInclude Include="..\..\..\IPlug\APP\IPlugAPP_host.h">
      <Filter>IPlug\APP</Filter>
    </ClInclude>
    <ClInclude Include="..\..\..\Dependencies\IPlug\RTAudio\RtAudio.h">
      <Filter>IPlug\APP\RTAudioMidi</Filter>
    </ClInclude>
    <ClInclude Include="..\..\..\Dependencies\IPlug\RTMidi\RtMidi.h">
      <Filter>IPlug\APP\RTAudioMidi</Filter>
    </ClInclude>
    <ClInclude Include="..\..\..\Dependencies\IPlug\RTAudio\include\asio.h">
      <Filter>IPlug\APP\RTAudioMidi\include</Filter>
    </ClInclude>
    <ClInclude Include="..\..\..\Dependencies\IPlug\RTAudio\include\asiodrivers.h">
      <Filter>IPlug\APP\RTAudioMidi\include</Filter>
    </ClInclude>
    <ClInclude Include="..\..\..\Dependencies\IPlug\RTAudio\include\asiodrvr.h">
      <Filter>IPlug\APP\RTAudioMidi\include</Filter>
    </ClInclude>
    <ClInclude Include="..\..\..\Dependencies\IPlug\RTAudio\include\asiolist.h">
      <Filter>IPlug\APP\RTAudioMidi\include</Filter>
    </ClInclude>
    <ClInclude Include="..\..\..\Dependencies\IPlug\RTAudio\include\asiosys.h">
      <Filter>IPlug\APP\RTAudioMidi\include</Filter>
    </ClInclude>
    <ClInclude Include="..\..\..\Dependencies\IPlug\RTAudio\include\dsound.h">
      <Filter>IPlug\APP\RTAudioMidi\include</Filter>
    </ClInclude>
    <ClInclude Include="..\..\..\Dependencies\IPlug\RTAudio\include\functiondiscoverykeys_devpkey.h">
      <Filter>IPlug\APP\RTAudioMidi\include</Filter>
    </ClInclude>
    <ClInclude Include="..\..\..\Dependencies\IPlug\RTAudio\include\ginclude.h">
      <Filter>IPlug\APP\RTAudioMidi\include</Filter>
    </ClInclude>
    <ClInclude Include="..\..\..\Dependencies\IPlug\RTAudio\include\iasiodrv.h">
      <Filter>IPlug\APP\RTAudioMidi\include</Filter>
    </ClInclude>
    <ClInclude Include="..\..\..\Dependencies\IPlug\RTAudio\include\iasiothiscallresolver.h">
      <Filter>IPlug\APP\RTAudioMidi\include</Filter>
    </ClInclude>
    <ClInclude Include="..\..\..\Dependencies\IPlug\RTAudio\include\soundcard.h">
      <Filter>IPlug\APP\RTAudioMidi\include</Filter>
    </ClInclude>
    <ClInclude Include="..\..\..\IGraphics\Controls\IControls.h">
      <Filter>IGraphics\Controls</Filter>
    </ClInclude>
    <ClInclude Include="..\..\..\IGraphics\Controls\IFPSDisplayControl.h">
      <Filter>IGraphics\Controls</Filter>
    </ClInclude>
    <ClInclude Include="..\..\..\IGraphics\Controls\IPopupMenuControl.h">
      <Filter>IGraphics\Controls</Filter>
    </ClInclude>
    <ClInclude Include="..\..\..\IGraphics\Controls\IVKeyboardControl.h">
      <Filter>IGraphics\Controls</Filter>
    </ClInclude>
    <ClInclude Include="..\..\..\IGraphics\Controls\IVMeterControl.h">
      <Filter>IGraphics\Controls</Filter>
    </ClInclude>
    <ClInclude Include="..\..\..\IGraphics\Controls\IVMultiSliderControl.h">
      <Filter>IGraphics\Controls</Filter>
    </ClInclude>
    <ClInclude Include="..\..\..\IGraphics\Controls\IVScopeControl.h">
      <Filter>IGraphics\Controls</Filter>
    </ClInclude>
    <ClInclude Include="..\..\..\IGraphics\Controls\ITextEntryControl.h">
      <Filter>IGraphics\Controls</Filter>
    </ClInclude>
    <ClInclude Include="..\..\..\IPlug\IPlugPaths.h">
      <Filter>IPlug</Filter>
    </ClInclude>
    <ClInclude Include="..\..\..\IGraphics\Drawing\IGraphicsSkia.h">
      <Filter>IGraphics\Drawing</Filter>
    </ClInclude>
    <ClInclude Include="..\src\faust\FaustHeadlessDsp.h">
      <Filter>src\faust</Filter>
    </ClInclude>
    <ClInclude Include="..\thirdparty\fftconvolver\AudioFFT.h">
      <Filter>thirdparty\convolver</Filter>
    </ClInclude>
    <ClInclude Include="..\thirdparty\fftconvolver\FFTConvolver.h">
      <Filter>thirdparty\convolver</Filter>
    </ClInclude>
    <ClInclude Include="..\thirdparty\fftconvolver\TwoStageFFTConvolver.h">
      <Filter>thirdparty\convolver</Filter>
    </ClInclude>
    <ClInclude Include="..\thirdparty\fftconvolver\Utilities.h">
      <Filter>thirdparty\convolver</Filter>
    </ClInclude>
    <ClInclude Include="..\src\nodes\RegisterNodes.h">
      <Filter>src\nodes</Filter>
    </ClInclude>
    <ClInclude Include="..\src\nodes\simple_gate\SimpleGateNode.h">
      <Filter>src\nodes\dynamics</Filter>
    </ClInclude>
    <ClInclude Include="..\src\nodes\bitcrusher\BitCrusherNode.h">
      <Filter>src\nodes\distortion</Filter>
    </ClInclude>
    <ClInclude Include="..\src\nodes\crybaby\CryBabyNode.h">
      <Filter>src\nodes\filters</Filter>
    </ClInclude>
    <ClInclude Include="..\src\nodes\feedback\FeedbackNode.h">
      <Filter>src\nodes\tools</Filter>
    </ClInclude>
    <ClInclude Include="..\src\nodes\fuzz\FuzzNode.h">
      <Filter>src\nodes\distortion</Filter>
    </ClInclude>
    <ClInclude Include="..\src\nodes\io\OutputNode.h">
      <Filter>src\nodes\io</Filter>
    </ClInclude>
    <ClInclude Include="..\src\nodes\io\InputNode.h">
      <Filter>src\nodes\io</Filter>
    </ClInclude>
    <ClInclude Include="..\src\nodes\overdrive\OverDriveNode.h">
      <Filter>src\nodes\distortion</Filter>
    </ClInclude>
    <ClInclude Include="..\src\nodes\paramerticeq\ParametricEqNode.h">
      <Filter>src\nodes\filters</Filter>
    </ClInclude>
    <ClInclude Include="..\src\nodes\simple_compressor\SimpleComressorNode.h">
      <Filter>src\nodes\dynamics</Filter>
    </ClInclude>
    <ClInclude Include="..\src\nodes\simple_delay\SimpleDelayNode.h">
      <Filter>src\nodes\reverb</Filter>
    </ClInclude>
    <ClInclude Include="..\src\nodes\simple_drive\SimpleDriveNode.h">
      <Filter>src\nodes\distortion</Filter>
    </ClInclude>
    <ClInclude Include="..\src\nodes\simple_reverb\SimpleReverbNode.h">
      <Filter>src\nodes\reverb</Filter>
    </ClInclude>
    <ClInclude Include="..\src\nodes\stereo_tool\StereoToolNode.h">
      <Filter>src\nodes\tools</Filter>
    </ClInclude>
    <ClInclude Include="..\src\graph\Graph.h">
      <Filter>src\graph</Filter>
    </ClInclude>
    <ClInclude Include="..\src\graph\Serializer.h">
      <Filter>src\graph</Filter>
    </ClInclude>
    <ClInclude Include="..\src\misc\GStructs.h">
      <Filter>src\misc</Filter>
    </ClInclude>
    <ClInclude Include="..\src\misc\MessageBus.h">
      <Filter>src\misc</Filter>
    </ClInclude>
    <ClInclude Include="..\src\misc\NodeList.h">
      <Filter>src\misc</Filter>
    </ClInclude>
    <ClInclude Include="..\src\misc\constants.h">
      <Filter>src\misc</Filter>
    </ClInclude>
    <ClInclude Include="..\src\node\NodeInfo.h">
      <Filter>src\node</Filter>
    </ClInclude>
    <ClInclude Include="..\src\node\NodeSocket.h">
      <Filter>src\node</Filter>
    </ClInclude>
    <ClInclude Include="..\src\node\NodeSocketUi.h">
      <Filter>src\node</Filter>
    </ClInclude>
    <ClInclude Include="..\src\node\NodeUi.h">
      <Filter>src\node</Filter>
    </ClInclude>
    <ClInclude Include="..\src\node\Node.h">
      <Filter>src\node</Filter>
    </ClInclude>
    <ClInclude Include="..\src\parameter\ParameterManager.h">
      <Filter>src\parameter</Filter>
    </ClInclude>
    <ClInclude Include="..\src\parameter\ParameterCoupling.h">
      <Filter>src\parameter</Filter>
    </ClInclude>
    <ClInclude Include="..\src\ui\CableLayer.h">
      <Filter>src\ui</Filter>
    </ClInclude>
    <ClInclude Include="..\src\ui\GraphBackground.h">
      <Filter>src\ui</Filter>
    </ClInclude>
    <ClInclude Include="..\src\ui\gallery\NodeGallery.h">
      <Filter>src\ui\gallery</Filter>
    </ClInclude>
    <ClInclude Include="..\src\ui\gallery\NodeGalleryCategory.h">
      <Filter>src\ui\gallery</Filter>
    </ClInclude>
    <ClInclude Include="..\src\ui\gallery\NodeGalleryElement.h">
      <Filter>src\ui\gallery</Filter>
    </ClInclude>
    <ClInclude Include="..\src\ui\theme.h">
      <Filter>src\ui</Filter>
    </ClInclude>
    <ClInclude Include="..\src\misc\HistoryStack.h">
      <Filter>src\misc</Filter>
    </ClInclude>
    <ClInclude Include="..\src\misc\EventList.h">
      <Filter>src\misc</Filter>
    </ClInclude>
    <ClInclude Include="..\src\nodes\phasetool\PhaseToolNode.h">
      <Filter>src\nodes\tools</Filter>
    </ClInclude>
    <ClInclude Include="..\src\nodes\envelope\EnvelopeNode.h">
      <Filter>src\nodes\automation</Filter>
    </ClInclude>
    <ClInclude Include="..\src\parameter\MeterCoupling.h">
      <Filter>src\parameter</Filter>
    </ClInclude>
    <ClInclude Include="..\src\node\NodeShared.h">
      <Filter>src\node</Filter>
    </ClInclude>
    <ClInclude Include="..\src\nodes\tuner\TunerNode.h">
      <Filter>src\nodes\tools</Filter>
    </ClInclude>
    <ClInclude Include="..\src\nodes\autogain\AutoGainNode.h">
      <Filter>src\nodes\dynamics</Filter>
    </ClInclude>
    <ClInclude Include="..\src\nodes\powersag\PowerSagNode.h">
      <Filter>src\nodes\distortion</Filter>
    </ClInclude>
    <ClInclude Include="..\src\nodes\reverse_delay\ReverseDelayNode.h">
      <Filter>src\nodes\reverb</Filter>
    </ClInclude>
    <ClInclude Include="..\src\misc\DefaultPreset.h">
      <Filter>src\misc</Filter>
    </ClInclude>
    <ClInclude Include="..\src\graph\SortGraph.h">
      <Filter>src\graph</Filter>
    </ClInclude>
    <ClInclude Include="..\src\graph\FormatGraph.h">
      <Filter>src\graph</Filter>
    </ClInclude>
    <ClInclude Include="..\src\ui\CustomKnob.h">
      <Filter>src\ui</Filter>
    </ClInclude>
    <ClInclude Include="..\src\nodes\split\SplitNode.h">
      <Filter>src\nodes\flow</Filter>
    </ClInclude>
    <ClInclude Include="..\src\nodes\combine\CombineNode.h">
      <Filter>src\nodes\flow</Filter>
    </ClInclude>
    <ClInclude Include="..\src\nodes\band_split\BandSplitNode.h">
      <Filter>src\nodes\flow</Filter>
    </ClInclude>
    <ClInclude Include="..\src\nodes\flanger\FlangerNode.h">
      <Filter>src\nodes\filters</Filter>
    </ClInclude>
    <ClInclude Include="..\src\ui\SideBar.h">
      <Filter>src\ui</Filter>
    </ClInclude>
    <ClInclude Include="..\src\nodes\simple_cab\SimpleCabNode.h">
      <Filter>src\nodes\cabs\basic</Filter>
    </ClInclude>
    <ClInclude Include="..\src\nodes\cab_lib\CabLibPopUp.h">
      <Filter>src\nodes\cabs\lib</Filter>
    </ClInclude>
    <ClInclude Include="..\src\nodes\cab_lib\CabLibNode.h">
      <Filter>src\nodes\cabs\lib</Filter>
    </ClInclude>
    <ClInclude Include="..\src\nodes\simple_cab\WrappedConvolver.h">
      <Filter>src\nodes\cabs\misc</Filter>
    </ClInclude>
    <ClInclude Include="..\src\nodes\simple_cab\InternalIRs.h">
      <Filter>src\nodes\cabs\misc</Filter>
    </ClInclude>
    <ClInclude Include="..\src\ui\preset\PresetBrowser.h">
      <Filter>src\ui\preset</Filter>
    </ClInclude>
    <ClInclude Include="..\src\ui\ScrollViewControl.h">
      <Filter>src\ui\scroll</Filter>
    </ClInclude>
    <ClInclude Include="..\src\ui\ScrollViewChild.h">
      <Filter>src\ui\scroll</Filter>
    </ClInclude>
    <ClInclude Include="..\src\ui\preset\PresetEntryControl.h">
      <Filter>src\ui\preset</Filter>
    </ClInclude>
    <ClInclude Include="..\thirdparty\soundwoofer\soundwoofer.h">
      <Filter>thirdparty</Filter>
    </ClInclude>
  </ItemGroup>
  <ItemGroup>
    <Filter Include="resources">
      <UniqueIdentifier>{c6ab0357-34f0-4ae8-8b4f-225dc387b2db}</UniqueIdentifier>
    </Filter>
    <Filter Include="config">
      <UniqueIdentifier>{ece5417b-4823-4518-9381-2660a4319318}</UniqueIdentifier>
    </Filter>
    <Filter Include="IGraphics">
      <UniqueIdentifier>{f0485b61-149d-429f-8802-49cfd67e39b6}</UniqueIdentifier>
    </Filter>
    <Filter Include="IGraphics\Drawing">
      <UniqueIdentifier>{7c74c254-d1c6-4dc4-9e9c-be28ac64e4a7}</UniqueIdentifier>
    </Filter>
    <Filter Include="IGraphics\Platform">
      <UniqueIdentifier>{057e0b3e-1b43-4515-bb87-b1de62694e8e}</UniqueIdentifier>
    </Filter>
    <Filter Include="IGraphics\Controls">
      <UniqueIdentifier>{ae5d91eb-b8dc-471d-8b5a-6c5bf5dfe6f4}</UniqueIdentifier>
    </Filter>
    <Filter Include="IPlug">
      <UniqueIdentifier>{3bd7f71b-e8ed-4d62-8e22-06c09c5c15a1}</UniqueIdentifier>
    </Filter>
    <Filter Include="IPlug\APP">
      <UniqueIdentifier>{13b3737b-7ecf-435c-8da0-08ccf8e2fb84}</UniqueIdentifier>
    </Filter>
    <Filter Include="IPlug\APP\RTAudioMidi">
      <UniqueIdentifier>{e7841f62-a97d-41b6-93d1-ecca8a512d93}</UniqueIdentifier>
    </Filter>
    <Filter Include="IPlug\APP\RTAudioMidi\include">
      <UniqueIdentifier>{649c5de3-b4c2-4de9-8d57-3b1762646259}</UniqueIdentifier>
    </Filter>
    <Filter Include="src">
      <UniqueIdentifier>{259115fd-b292-4067-9d16-3a045dfa3f12}</UniqueIdentifier>
    </Filter>
    <Filter Include="src\faust">
      <UniqueIdentifier>{ad3ea073-4891-419e-9f43-ad68acf9a1cf}</UniqueIdentifier>
    </Filter>
    <Filter Include="thirdparty">
      <UniqueIdentifier>{89a4599c-777c-47fe-92d1-9081f902c5ad}</UniqueIdentifier>
    </Filter>
    <Filter Include="thirdparty\convolver">
      <UniqueIdentifier>{60e082e5-694e-455e-8d9b-cbed989c18c6}</UniqueIdentifier>
    </Filter>
    <Filter Include="WDL">
      <UniqueIdentifier>{fa23b9fb-6159-4e25-9eed-6ee81794c82c}</UniqueIdentifier>
    </Filter>
    <Filter Include="src\nodes">
      <UniqueIdentifier>{71704cd4-b9c0-4173-a0b4-802a4c46f7af}</UniqueIdentifier>
    </Filter>
    <Filter Include="src\nodes\dynamics">
      <UniqueIdentifier>{e4c6ad13-b7e5-41a9-82c0-45cf2ba02f16}</UniqueIdentifier>
    </Filter>
    <Filter Include="src\nodes\filters">
      <UniqueIdentifier>{1ea58fa7-1ba4-47f9-8d14-467b32bd96b5}</UniqueIdentifier>
    </Filter>
    <Filter Include="src\nodes\distortion">
      <UniqueIdentifier>{14201511-3bcd-42a8-8d54-3efe1e1340c2}</UniqueIdentifier>
    </Filter>
    <Filter Include="src\nodes\reverb">
      <UniqueIdentifier>{55a9ac16-808b-4daf-8019-0b954a18a110}</UniqueIdentifier>
    </Filter>
    <Filter Include="src\nodes\tools">
      <UniqueIdentifier>{e917d7dd-e2b2-45d4-8221-7fa00ac56091}</UniqueIdentifier>
    </Filter>
    <Filter Include="src\nodes\io">
      <UniqueIdentifier>{49d68225-dafa-49e8-a633-b2eae4808e45}</UniqueIdentifier>
    </Filter>
    <Filter Include="src\nodes\cabs">
      <UniqueIdentifier>{cf2f14de-b486-4448-8cff-9dd56171f7b1}</UniqueIdentifier>
    </Filter>
    <Filter Include="src\graph">
      <UniqueIdentifier>{83ed5069-1795-4c69-b1de-334b674883b8}</UniqueIdentifier>
    </Filter>
    <Filter Include="src\misc">
      <UniqueIdentifier>{99c81da7-2d0f-4f74-8662-412800d26d08}</UniqueIdentifier>
    </Filter>
    <Filter Include="src\node">
      <UniqueIdentifier>{05f6d460-2062-42dd-bf01-0f82907d9c7a}</UniqueIdentifier>
    </Filter>
    <Filter Include="src\parameter">
      <UniqueIdentifier>{3433c669-cab1-482f-9a92-edec6050e01d}</UniqueIdentifier>
    </Filter>
    <Filter Include="src\ui">
      <UniqueIdentifier>{751b4849-1bb3-45ed-9685-0eaa219383f3}</UniqueIdentifier>
    </Filter>
    <Filter Include="src\ui\gallery">
      <UniqueIdentifier>{f835fb60-d345-459e-a62b-a90eebca75c6}</UniqueIdentifier>
    </Filter>
    <Filter Include="src\nodes\automation">
      <UniqueIdentifier>{c02e5d84-eb19-47f8-904e-6c84655bf14f}</UniqueIdentifier>
    </Filter>
    <Filter Include="src\nodes\flow">
      <UniqueIdentifier>{bf2b412b-1221-40f0-8f06-29671b0e5ce9}</UniqueIdentifier>
    </Filter>
    <Filter Include="src\ui\preset">
      <UniqueIdentifier>{58ae2281-a086-479e-985f-3940717b27de}</UniqueIdentifier>
    </Filter>
    <Filter Include="src\nodes\cabs\basic">
      <UniqueIdentifier>{1d643f12-671c-4493-9e67-c4a9a46f54d2}</UniqueIdentifier>
    </Filter>
    <Filter Include="src\nodes\cabs\lib">
      <UniqueIdentifier>{491ddcb5-9c10-4892-abae-75ad70505786}</UniqueIdentifier>
    </Filter>
    <Filter Include="src\nodes\cabs\misc">
      <UniqueIdentifier>{6a270705-3c5c-49a9-a2ea-5b72e2a6e46d}</UniqueIdentifier>
    </Filter>
    <Filter Include="src\ui\scroll">
      <UniqueIdentifier>{21631177-7fba-431e-96bc-5cec04805732}</UniqueIdentifier>
    </Filter>
  </ItemGroup>
  <ItemGroup>
    <ResourceCompile Include="..\resources\main.rc">
      <Filter>resources</Filter>
    </ResourceCompile>
  </ItemGroup>
  <ItemGroup>
    <None Include="..\config\GuitarD-ios.xcconfig">
      <Filter>config</Filter>
    </None>
    <None Include="..\config\GuitarD-web.mk">
      <Filter>config</Filter>
    </None>
    <None Include="..\config\GuitarD-mac.xcconfig">
      <Filter>config</Filter>
    </None>
    <None Include="..\config\GuitarD-win.props">
      <Filter>config</Filter>
    </None>
  </ItemGroup>
  <ItemGroup>
    <Image Include="..\resources\GuitarD.ico">
      <Filter>resources</Filter>
    </Image>
  </ItemGroup>
</Project>